
Microsoft Visual Studio Solution File, Format Version 12.00
# Visual Studio 15
VisualStudioVersion = 15.0.28307.168
MinimumVisualStudioVersion = 10.0.40219.1
Project("{FAE04EC0-301F-11D3-BF4B-00C04F79EFBC}") = "Sales.Android", "Sales\Sales.Android\Sales.Android.csproj", "{281B6AF4-5E13-4751-880F-936751980366}"
EndProject
Project("{FAE04EC0-301F-11D3-BF4B-00C04F79EFBC}") = "Sales.iOS", "Sales\Sales.iOS\Sales.iOS.csproj", "{936783AB-B1E8-4D6C-A335-6FFEDD2F482D}"
EndProject
Project("{9A19103F-16F7-4668-BE54-9A1E7A4F7556}") = "Sales", "Sales\Sales\Sales.csproj", "{42BA2E18-D525-4231-8FAF-7F24505BFE02}"
EndProject
Project("{FAE04EC0-301F-11D3-BF4B-00C04F79EFBC}") = "Sales.Backend", "Sales.Backend\Sales.Backend.csproj", "{86521588-4509-4F7C-A47D-22B1A3F1B299}"
EndProject
Project("{FAE04EC0-301F-11D3-BF4B-00C04F79EFBC}") = "Sales.API", "Sales.API\Sales.API.csproj", "{7952DF78-7CAE-4043-81A5-61A41B9DF701}"
EndProject
Project("{FAE04EC0-301F-11D3-BF4B-00C04F79EFBC}") = "Sales.Domain", "Sales.Domain\Sales.Domain.csproj", "{6F115E73-C605-48EB-A650-D303BBF575CC}"
EndProject
Project("{FAE04EC0-301F-11D3-BF4B-00C04F79EFBC}") = "Sales.Common", "Sales.Common\Sales.Common.csproj", "{5CF5C12A-5C47-4A81-99E9-665A4F7D9586}"
EndProject
Global
	GlobalSection(SolutionConfigurationPlatforms) = preSolution
		Ad-Hoc|Any CPU = Ad-Hoc|Any CPU
		Ad-Hoc|ARM = Ad-Hoc|ARM
		Ad-Hoc|iPhone = Ad-Hoc|iPhone
		Ad-Hoc|iPhoneSimulator = Ad-Hoc|iPhoneSimulator
		Ad-Hoc|x64 = Ad-Hoc|x64
		Ad-Hoc|x86 = Ad-Hoc|x86
		AppStore|Any CPU = AppStore|Any CPU
		AppStore|ARM = AppStore|ARM
		AppStore|iPhone = AppStore|iPhone
		AppStore|iPhoneSimulator = AppStore|iPhoneSimulator
		AppStore|x64 = AppStore|x64
		AppStore|x86 = AppStore|x86
		Debug|Any CPU = Debug|Any CPU
		Debug|ARM = Debug|ARM
		Debug|iPhone = Debug|iPhone
		Debug|iPhoneSimulator = Debug|iPhoneSimulator
		Debug|x64 = Debug|x64
		Debug|x86 = Debug|x86
		Release|Any CPU = Release|Any CPU
		Release|ARM = Release|ARM
		Release|iPhone = Release|iPhone
		Release|iPhoneSimulator = Release|iPhoneSimulator
		Release|x64 = Release|x64
		Release|x86 = Release|x86
	EndGlobalSection
	GlobalSection(ProjectConfigurationPlatforms) = postSolution
		{281B6AF4-5E13-4751-880F-936751980366}.Ad-Hoc|Any CPU.ActiveCfg = Release|Any CPU
		{281B6AF4-5E13-4751-880F-936751980366}.Ad-Hoc|Any CPU.Build.0 = Release|Any CPU
		{281B6AF4-5E13-4751-880F-936751980366}.Ad-Hoc|Any CPU.Deploy.0 = Release|Any CPU
		{281B6AF4-5E13-4751-880F-936751980366}.Ad-Hoc|ARM.ActiveCfg = Release|Any CPU
		{281B6AF4-5E13-4751-880F-936751980366}.Ad-Hoc|ARM.Build.0 = Release|Any CPU
		{281B6AF4-5E13-4751-880F-936751980366}.Ad-Hoc|ARM.Deploy.0 = Release|Any CPU
		{281B6AF4-5E13-4751-880F-936751980366}.Ad-Hoc|iPhone.ActiveCfg = Release|Any CPU
		{281B6AF4-5E13-4751-880F-936751980366}.Ad-Hoc|iPhone.Build.0 = Release|Any CPU
		{281B6AF4-5E13-4751-880F-936751980366}.Ad-Hoc|iPhone.Deploy.0 = Release|Any CPU
		{281B6AF4-5E13-4751-880F-936751980366}.Ad-Hoc|iPhoneSimulator.ActiveCfg = Release|Any CPU
		{281B6AF4-5E13-4751-880F-936751980366}.Ad-Hoc|iPhoneSimulator.Build.0 = Release|Any CPU
		{281B6AF4-5E13-4751-880F-936751980366}.Ad-Hoc|iPhoneSimulator.Deploy.0 = Release|Any CPU
		{281B6AF4-5E13-4751-880F-936751980366}.Ad-Hoc|x64.ActiveCfg = Release|Any CPU
		{281B6AF4-5E13-4751-880F-936751980366}.Ad-Hoc|x64.Build.0 = Release|Any CPU
		{281B6AF4-5E13-4751-880F-936751980366}.Ad-Hoc|x64.Deploy.0 = Release|Any CPU
		{281B6AF4-5E13-4751-880F-936751980366}.Ad-Hoc|x86.ActiveCfg = Release|Any CPU
		{281B6AF4-5E13-4751-880F-936751980366}.Ad-Hoc|x86.Build.0 = Release|Any CPU
		{281B6AF4-5E13-4751-880F-936751980366}.Ad-Hoc|x86.Deploy.0 = Release|Any CPU
		{281B6AF4-5E13-4751-880F-936751980366}.AppStore|Any CPU.ActiveCfg = Release|Any CPU
		{281B6AF4-5E13-4751-880F-936751980366}.AppStore|Any CPU.Build.0 = Release|Any CPU
		{281B6AF4-5E13-4751-880F-936751980366}.AppStore|Any CPU.Deploy.0 = Release|Any CPU
		{281B6AF4-5E13-4751-880F-936751980366}.AppStore|ARM.ActiveCfg = Release|Any CPU
		{281B6AF4-5E13-4751-880F-936751980366}.AppStore|ARM.Build.0 = Release|Any CPU
		{281B6AF4-5E13-4751-880F-936751980366}.AppStore|ARM.Deploy.0 = Release|Any CPU
		{281B6AF4-5E13-4751-880F-936751980366}.AppStore|iPhone.ActiveCfg = Release|Any CPU
		{281B6AF4-5E13-4751-880F-936751980366}.AppStore|iPhone.Build.0 = Release|Any CPU
		{281B6AF4-5E13-4751-880F-936751980366}.AppStore|iPhone.Deploy.0 = Release|Any CPU
		{281B6AF4-5E13-4751-880F-936751980366}.AppStore|iPhoneSimulator.ActiveCfg = Release|Any CPU
		{281B6AF4-5E13-4751-880F-936751980366}.AppStore|iPhoneSimulator.Build.0 = Release|Any CPU
		{281B6AF4-5E13-4751-880F-936751980366}.AppStore|iPhoneSimulator.Deploy.0 = Release|Any CPU
		{281B6AF4-5E13-4751-880F-936751980366}.AppStore|x64.ActiveCfg = Release|Any CPU
		{281B6AF4-5E13-4751-880F-936751980366}.AppStore|x64.Build.0 = Release|Any CPU
		{281B6AF4-5E13-4751-880F-936751980366}.AppStore|x64.Deploy.0 = Release|Any CPU
		{281B6AF4-5E13-4751-880F-936751980366}.AppStore|x86.ActiveCfg = Release|Any CPU
		{281B6AF4-5E13-4751-880F-936751980366}.AppStore|x86.Build.0 = Release|Any CPU
		{281B6AF4-5E13-4751-880F-936751980366}.AppStore|x86.Deploy.0 = Release|Any CPU
		{281B6AF4-5E13-4751-880F-936751980366}.Debug|Any CPU.ActiveCfg = Debug|Any CPU
		{281B6AF4-5E13-4751-880F-936751980366}.Debug|Any CPU.Build.0 = Debug|Any CPU
		{281B6AF4-5E13-4751-880F-936751980366}.Debug|Any CPU.Deploy.0 = Debug|Any CPU
		{281B6AF4-5E13-4751-880F-936751980366}.Debug|ARM.ActiveCfg = Debug|Any CPU
		{281B6AF4-5E13-4751-880F-936751980366}.Debug|ARM.Build.0 = Debug|Any CPU
		{281B6AF4-5E13-4751-880F-936751980366}.Debug|ARM.Deploy.0 = Debug|Any CPU
		{281B6AF4-5E13-4751-880F-936751980366}.Debug|iPhone.ActiveCfg = Debug|Any CPU
		{281B6AF4-5E13-4751-880F-936751980366}.Debug|iPhone.Build.0 = Debug|Any CPU
		{281B6AF4-5E13-4751-880F-936751980366}.Debug|iPhone.Deploy.0 = Debug|Any CPU
		{281B6AF4-5E13-4751-880F-936751980366}.Debug|iPhoneSimulator.ActiveCfg = Debug|Any CPU
		{281B6AF4-5E13-4751-880F-936751980366}.Debug|iPhoneSimulator.Build.0 = Debug|Any CPU
		{281B6AF4-5E13-4751-880F-936751980366}.Debug|iPhoneSimulator.Deploy.0 = Debug|Any CPU
		{281B6AF4-5E13-4751-880F-936751980366}.Debug|x64.ActiveCfg = Debug|Any CPU
		{281B6AF4-5E13-4751-880F-936751980366}.Debug|x64.Build.0 = Debug|Any CPU
		{281B6AF4-5E13-4751-880F-936751980366}.Debug|x64.Deploy.0 = Debug|Any CPU
		{281B6AF4-5E13-4751-880F-936751980366}.Debug|x86.ActiveCfg = Debug|Any CPU
		{281B6AF4-5E13-4751-880F-936751980366}.Debug|x86.Build.0 = Debug|Any CPU
		{281B6AF4-5E13-4751-880F-936751980366}.Debug|x86.Deploy.0 = Debug|Any CPU
		{281B6AF4-5E13-4751-880F-936751980366}.Release|Any CPU.ActiveCfg = Release|Any CPU
		{281B6AF4-5E13-4751-880F-936751980366}.Release|Any CPU.Build.0 = Release|Any CPU
		{281B6AF4-5E13-4751-880F-936751980366}.Release|Any CPU.Deploy.0 = Release|Any CPU
		{281B6AF4-5E13-4751-880F-936751980366}.Release|ARM.ActiveCfg = Release|Any CPU
		{281B6AF4-5E13-4751-880F-936751980366}.Release|ARM.Build.0 = Release|Any CPU
		{281B6AF4-5E13-4751-880F-936751980366}.Release|ARM.Deploy.0 = Release|Any CPU
		{281B6AF4-5E13-4751-880F-936751980366}.Release|iPhone.ActiveCfg = Release|Any CPU
		{281B6AF4-5E13-4751-880F-936751980366}.Release|iPhone.Build.0 = Release|Any CPU
		{281B6AF4-5E13-4751-880F-936751980366}.Release|iPhone.Deploy.0 = Release|Any CPU
		{281B6AF4-5E13-4751-880F-936751980366}.Release|iPhoneSimulator.ActiveCfg = Release|Any CPU
		{281B6AF4-5E13-4751-880F-936751980366}.Release|iPhoneSimulator.Build.0 = Release|Any CPU
		{281B6AF4-5E13-4751-880F-936751980366}.Release|iPhoneSimulator.Deploy.0 = Release|Any CPU
		{281B6AF4-5E13-4751-880F-936751980366}.Release|x64.ActiveCfg = Release|Any CPU
		{281B6AF4-5E13-4751-880F-936751980366}.Release|x64.Build.0 = Release|Any CPU
		{281B6AF4-5E13-4751-880F-936751980366}.Release|x64.Deploy.0 = Release|Any CPU
		{281B6AF4-5E13-4751-880F-936751980366}.Release|x86.ActiveCfg = Release|Any CPU
		{281B6AF4-5E13-4751-880F-936751980366}.Release|x86.Build.0 = Release|Any CPU
		{281B6AF4-5E13-4751-880F-936751980366}.Release|x86.Deploy.0 = Release|Any CPU
		{936783AB-B1E8-4D6C-A335-6FFEDD2F482D}.Ad-Hoc|Any CPU.ActiveCfg = Ad-Hoc|iPhone
		{936783AB-B1E8-4D6C-A335-6FFEDD2F482D}.Ad-Hoc|Any CPU.Build.0 = Ad-Hoc|iPhone
		{936783AB-B1E8-4D6C-A335-6FFEDD2F482D}.Ad-Hoc|Any CPU.Deploy.0 = Ad-Hoc|iPhone
		{936783AB-B1E8-4D6C-A335-6FFEDD2F482D}.Ad-Hoc|ARM.ActiveCfg = Ad-Hoc|iPhone
		{936783AB-B1E8-4D6C-A335-6FFEDD2F482D}.Ad-Hoc|ARM.Build.0 = Ad-Hoc|iPhone
		{936783AB-B1E8-4D6C-A335-6FFEDD2F482D}.Ad-Hoc|ARM.Deploy.0 = Ad-Hoc|iPhone
		{936783AB-B1E8-4D6C-A335-6FFEDD2F482D}.Ad-Hoc|iPhone.ActiveCfg = Ad-Hoc|iPhone
		{936783AB-B1E8-4D6C-A335-6FFEDD2F482D}.Ad-Hoc|iPhone.Build.0 = Ad-Hoc|iPhone
		{936783AB-B1E8-4D6C-A335-6FFEDD2F482D}.Ad-Hoc|iPhone.Deploy.0 = Ad-Hoc|iPhone
		{936783AB-B1E8-4D6C-A335-6FFEDD2F482D}.Ad-Hoc|iPhoneSimulator.ActiveCfg = Ad-Hoc|iPhoneSimulator
		{936783AB-B1E8-4D6C-A335-6FFEDD2F482D}.Ad-Hoc|iPhoneSimulator.Build.0 = Ad-Hoc|iPhoneSimulator
		{936783AB-B1E8-4D6C-A335-6FFEDD2F482D}.Ad-Hoc|iPhoneSimulator.Deploy.0 = Ad-Hoc|iPhoneSimulator
		{936783AB-B1E8-4D6C-A335-6FFEDD2F482D}.Ad-Hoc|x64.ActiveCfg = Ad-Hoc|iPhone
		{936783AB-B1E8-4D6C-A335-6FFEDD2F482D}.Ad-Hoc|x64.Build.0 = Ad-Hoc|iPhone
		{936783AB-B1E8-4D6C-A335-6FFEDD2F482D}.Ad-Hoc|x64.Deploy.0 = Ad-Hoc|iPhone
		{936783AB-B1E8-4D6C-A335-6FFEDD2F482D}.Ad-Hoc|x86.ActiveCfg = Ad-Hoc|iPhone
		{936783AB-B1E8-4D6C-A335-6FFEDD2F482D}.Ad-Hoc|x86.Build.0 = Ad-Hoc|iPhone
		{936783AB-B1E8-4D6C-A335-6FFEDD2F482D}.Ad-Hoc|x86.Deploy.0 = Ad-Hoc|iPhone
		{936783AB-B1E8-4D6C-A335-6FFEDD2F482D}.AppStore|Any CPU.ActiveCfg = AppStore|iPhone
		{936783AB-B1E8-4D6C-A335-6FFEDD2F482D}.AppStore|Any CPU.Build.0 = AppStore|iPhone
		{936783AB-B1E8-4D6C-A335-6FFEDD2F482D}.AppStore|Any CPU.Deploy.0 = AppStore|iPhone
		{936783AB-B1E8-4D6C-A335-6FFEDD2F482D}.AppStore|ARM.ActiveCfg = AppStore|iPhone
		{936783AB-B1E8-4D6C-A335-6FFEDD2F482D}.AppStore|ARM.Build.0 = AppStore|iPhone
		{936783AB-B1E8-4D6C-A335-6FFEDD2F482D}.AppStore|ARM.Deploy.0 = AppStore|iPhone
		{936783AB-B1E8-4D6C-A335-6FFEDD2F482D}.AppStore|iPhone.ActiveCfg = AppStore|iPhone
		{936783AB-B1E8-4D6C-A335-6FFEDD2F482D}.AppStore|iPhone.Build.0 = AppStore|iPhone
		{936783AB-B1E8-4D6C-A335-6FFEDD2F482D}.AppStore|iPhone.Deploy.0 = AppStore|iPhone
		{936783AB-B1E8-4D6C-A335-6FFEDD2F482D}.AppStore|iPhoneSimulator.ActiveCfg = AppStore|iPhoneSimulator
		{936783AB-B1E8-4D6C-A335-6FFEDD2F482D}.AppStore|iPhoneSimulator.Build.0 = AppStore|iPhoneSimulator
		{936783AB-B1E8-4D6C-A335-6FFEDD2F482D}.AppStore|iPhoneSimulator.Deploy.0 = AppStore|iPhoneSimulator
		{936783AB-B1E8-4D6C-A335-6FFEDD2F482D}.AppStore|x64.ActiveCfg = AppStore|iPhone
		{936783AB-B1E8-4D6C-A335-6FFEDD2F482D}.AppStore|x64.Build.0 = AppStore|iPhone
		{936783AB-B1E8-4D6C-A335-6FFEDD2F482D}.AppStore|x64.Deploy.0 = AppStore|iPhone
		{936783AB-B1E8-4D6C-A335-6FFEDD2F482D}.AppStore|x86.ActiveCfg = AppStore|iPhone
		{936783AB-B1E8-4D6C-A335-6FFEDD2F482D}.AppStore|x86.Build.0 = AppStore|iPhone
		{936783AB-B1E8-4D6C-A335-6FFEDD2F482D}.AppStore|x86.Deploy.0 = AppStore|iPhone
		{936783AB-B1E8-4D6C-A335-6FFEDD2F482D}.Debug|Any CPU.ActiveCfg = Debug|iPhoneSimulator
		{936783AB-B1E8-4D6C-A335-6FFEDD2F482D}.Debug|Any CPU.Build.0 = Debug|iPhoneSimulator
		{936783AB-B1E8-4D6C-A335-6FFEDD2F482D}.Debug|Any CPU.Deploy.0 = Debug|iPhoneSimulator
		{936783AB-B1E8-4D6C-A335-6FFEDD2F482D}.Debug|ARM.ActiveCfg = Debug|iPhone
		{936783AB-B1E8-4D6C-A335-6FFEDD2F482D}.Debug|ARM.Build.0 = Debug|iPhone
		{936783AB-B1E8-4D6C-A335-6FFEDD2F482D}.Debug|ARM.Deploy.0 = Debug|iPhone
		{936783AB-B1E8-4D6C-A335-6FFEDD2F482D}.Debug|iPhone.ActiveCfg = Debug|iPhone
		{936783AB-B1E8-4D6C-A335-6FFEDD2F482D}.Debug|iPhone.Build.0 = Debug|iPhone
		{936783AB-B1E8-4D6C-A335-6FFEDD2F482D}.Debug|iPhone.Deploy.0 = Debug|iPhone
		{936783AB-B1E8-4D6C-A335-6FFEDD2F482D}.Debug|iPhoneSimulator.ActiveCfg = Debug|iPhoneSimulator
		{936783AB-B1E8-4D6C-A335-6FFEDD2F482D}.Debug|iPhoneSimulator.Build.0 = Debug|iPhoneSimulator
		{936783AB-B1E8-4D6C-A335-6FFEDD2F482D}.Debug|iPhoneSimulator.Deploy.0 = Debug|iPhoneSimulator
		{936783AB-B1E8-4D6C-A335-6FFEDD2F482D}.Debug|x64.ActiveCfg = Debug|iPhone
		{936783AB-B1E8-4D6C-A335-6FFEDD2F482D}.Debug|x64.Build.0 = Debug|iPhone
		{936783AB-B1E8-4D6C-A335-6FFEDD2F482D}.Debug|x64.Deploy.0 = Debug|iPhone
		{936783AB-B1E8-4D6C-A335-6FFEDD2F482D}.Debug|x86.ActiveCfg = Debug|iPhone
		{936783AB-B1E8-4D6C-A335-6FFEDD2F482D}.Debug|x86.Build.0 = Debug|iPhone
		{936783AB-B1E8-4D6C-A335-6FFEDD2F482D}.Debug|x86.Deploy.0 = Debug|iPhone
		{936783AB-B1E8-4D6C-A335-6FFEDD2F482D}.Release|Any CPU.ActiveCfg = Release|iPhone
		{936783AB-B1E8-4D6C-A335-6FFEDD2F482D}.Release|Any CPU.Build.0 = Release|iPhone
		{936783AB-B1E8-4D6C-A335-6FFEDD2F482D}.Release|Any CPU.Deploy.0 = Release|iPhone
		{936783AB-B1E8-4D6C-A335-6FFEDD2F482D}.Release|ARM.ActiveCfg = Release|iPhone
		{936783AB-B1E8-4D6C-A335-6FFEDD2F482D}.Release|ARM.Build.0 = Release|iPhone
		{936783AB-B1E8-4D6C-A335-6FFEDD2F482D}.Release|ARM.Deploy.0 = Release|iPhone
		{936783AB-B1E8-4D6C-A335-6FFEDD2F482D}.Release|iPhone.ActiveCfg = Release|iPhone
		{936783AB-B1E8-4D6C-A335-6FFEDD2F482D}.Release|iPhone.Build.0 = Release|iPhone
		{936783AB-B1E8-4D6C-A335-6FFEDD2F482D}.Release|iPhone.Deploy.0 = Release|iPhone
		{936783AB-B1E8-4D6C-A335-6FFEDD2F482D}.Release|iPhoneSimulator.ActiveCfg = Release|iPhoneSimulator
		{936783AB-B1E8-4D6C-A335-6FFEDD2F482D}.Release|iPhoneSimulator.Build.0 = Release|iPhoneSimulator
		{936783AB-B1E8-4D6C-A335-6FFEDD2F482D}.Release|iPhoneSimulator.Deploy.0 = Release|iPhoneSimulator
		{936783AB-B1E8-4D6C-A335-6FFEDD2F482D}.Release|x64.ActiveCfg = Release|iPhone
		{936783AB-B1E8-4D6C-A335-6FFEDD2F482D}.Release|x64.Build.0 = Release|iPhone
		{936783AB-B1E8-4D6C-A335-6FFEDD2F482D}.Release|x64.Deploy.0 = Release|iPhone
		{936783AB-B1E8-4D6C-A335-6FFEDD2F482D}.Release|x86.ActiveCfg = Release|iPhone
		{936783AB-B1E8-4D6C-A335-6FFEDD2F482D}.Release|x86.Build.0 = Release|iPhone
		{936783AB-B1E8-4D6C-A335-6FFEDD2F482D}.Release|x86.Deploy.0 = Release|iPhone
		{42BA2E18-D525-4231-8FAF-7F24505BFE02}.Ad-Hoc|Any CPU.ActiveCfg = Debug|Any CPU
		{42BA2E18-D525-4231-8FAF-7F24505BFE02}.Ad-Hoc|Any CPU.Build.0 = Debug|Any CPU
		{42BA2E18-D525-4231-8FAF-7F24505BFE02}.Ad-Hoc|Any CPU.Deploy.0 = Debug|Any CPU
		{42BA2E18-D525-4231-8FAF-7F24505BFE02}.Ad-Hoc|ARM.ActiveCfg = Debug|Any CPU
		{42BA2E18-D525-4231-8FAF-7F24505BFE02}.Ad-Hoc|ARM.Build.0 = Debug|Any CPU
		{42BA2E18-D525-4231-8FAF-7F24505BFE02}.Ad-Hoc|ARM.Deploy.0 = Debug|Any CPU
		{42BA2E18-D525-4231-8FAF-7F24505BFE02}.Ad-Hoc|iPhone.ActiveCfg = Debug|Any CPU
		{42BA2E18-D525-4231-8FAF-7F24505BFE02}.Ad-Hoc|iPhone.Build.0 = Debug|Any CPU
		{42BA2E18-D525-4231-8FAF-7F24505BFE02}.Ad-Hoc|iPhone.Deploy.0 = Debug|Any CPU
		{42BA2E18-D525-4231-8FAF-7F24505BFE02}.Ad-Hoc|iPhoneSimulator.ActiveCfg = Debug|Any CPU
		{42BA2E18-D525-4231-8FAF-7F24505BFE02}.Ad-Hoc|iPhoneSimulator.Build.0 = Debug|Any CPU
		{42BA2E18-D525-4231-8FAF-7F24505BFE02}.Ad-Hoc|iPhoneSimulator.Deploy.0 = Debug|Any CPU
		{42BA2E18-D525-4231-8FAF-7F24505BFE02}.Ad-Hoc|x64.ActiveCfg = Debug|Any CPU
		{42BA2E18-D525-4231-8FAF-7F24505BFE02}.Ad-Hoc|x64.Build.0 = Debug|Any CPU
		{42BA2E18-D525-4231-8FAF-7F24505BFE02}.Ad-Hoc|x64.Deploy.0 = Debug|Any CPU
		{42BA2E18-D525-4231-8FAF-7F24505BFE02}.Ad-Hoc|x86.ActiveCfg = Debug|Any CPU
		{42BA2E18-D525-4231-8FAF-7F24505BFE02}.Ad-Hoc|x86.Build.0 = Debug|Any CPU
		{42BA2E18-D525-4231-8FAF-7F24505BFE02}.Ad-Hoc|x86.Deploy.0 = Debug|Any CPU
		{42BA2E18-D525-4231-8FAF-7F24505BFE02}.AppStore|Any CPU.ActiveCfg = Debug|Any CPU
		{42BA2E18-D525-4231-8FAF-7F24505BFE02}.AppStore|Any CPU.Build.0 = Debug|Any CPU
		{42BA2E18-D525-4231-8FAF-7F24505BFE02}.AppStore|Any CPU.Deploy.0 = Debug|Any CPU
		{42BA2E18-D525-4231-8FAF-7F24505BFE02}.AppStore|ARM.ActiveCfg = Debug|Any CPU
		{42BA2E18-D525-4231-8FAF-7F24505BFE02}.AppStore|ARM.Build.0 = Debug|Any CPU
		{42BA2E18-D525-4231-8FAF-7F24505BFE02}.AppStore|ARM.Deploy.0 = Debug|Any CPU
		{42BA2E18-D525-4231-8FAF-7F24505BFE02}.AppStore|iPhone.ActiveCfg = Debug|Any CPU
		{42BA2E18-D525-4231-8FAF-7F24505BFE02}.AppStore|iPhone.Build.0 = Debug|Any CPU
		{42BA2E18-D525-4231-8FAF-7F24505BFE02}.AppStore|iPhone.Deploy.0 = Debug|Any CPU
		{42BA2E18-D525-4231-8FAF-7F24505BFE02}.AppStore|iPhoneSimulator.ActiveCfg = Debug|Any CPU
		{42BA2E18-D525-4231-8FAF-7F24505BFE02}.AppStore|iPhoneSimulator.Build.0 = Debug|Any CPU
		{42BA2E18-D525-4231-8FAF-7F24505BFE02}.AppStore|iPhoneSimulator.Deploy.0 = Debug|Any CPU
		{42BA2E18-D525-4231-8FAF-7F24505BFE02}.AppStore|x64.ActiveCfg = Debug|Any CPU
		{42BA2E18-D525-4231-8FAF-7F24505BFE02}.AppStore|x64.Build.0 = Debug|Any CPU
		{42BA2E18-D525-4231-8FAF-7F24505BFE02}.AppStore|x64.Deploy.0 = Debug|Any CPU
		{42BA2E18-D525-4231-8FAF-7F24505BFE02}.AppStore|x86.ActiveCfg = Debug|Any CPU
		{42BA2E18-D525-4231-8FAF-7F24505BFE02}.AppStore|x86.Build.0 = Debug|Any CPU
		{42BA2E18-D525-4231-8FAF-7F24505BFE02}.AppStore|x86.Deploy.0 = Debug|Any CPU
		{42BA2E18-D525-4231-8FAF-7F24505BFE02}.Debug|Any CPU.ActiveCfg = Debug|Any CPU
		{42BA2E18-D525-4231-8FAF-7F24505BFE02}.Debug|Any CPU.Build.0 = Debug|Any CPU
		{42BA2E18-D525-4231-8FAF-7F24505BFE02}.Debug|Any CPU.Deploy.0 = Debug|Any CPU
		{42BA2E18-D525-4231-8FAF-7F24505BFE02}.Debug|ARM.ActiveCfg = Debug|Any CPU
		{42BA2E18-D525-4231-8FAF-7F24505BFE02}.Debug|ARM.Build.0 = Debug|Any CPU
		{42BA2E18-D525-4231-8FAF-7F24505BFE02}.Debug|ARM.Deploy.0 = Debug|Any CPU
		{42BA2E18-D525-4231-8FAF-7F24505BFE02}.Debug|iPhone.ActiveCfg = Debug|Any CPU
		{42BA2E18-D525-4231-8FAF-7F24505BFE02}.Debug|iPhone.Build.0 = Debug|Any CPU
		{42BA2E18-D525-4231-8FAF-7F24505BFE02}.Debug|iPhone.Deploy.0 = Debug|Any CPU
		{42BA2E18-D525-4231-8FAF-7F24505BFE02}.Debug|iPhoneSimulator.ActiveCfg = Debug|Any CPU
		{42BA2E18-D525-4231-8FAF-7F24505BFE02}.Debug|iPhoneSimulator.Build.0 = Debug|Any CPU
		{42BA2E18-D525-4231-8FAF-7F24505BFE02}.Debug|iPhoneSimulator.Deploy.0 = Debug|Any CPU
		{42BA2E18-D525-4231-8FAF-7F24505BFE02}.Debug|x64.ActiveCfg = Debug|Any CPU
		{42BA2E18-D525-4231-8FAF-7F24505BFE02}.Debug|x64.Build.0 = Debug|Any CPU
		{42BA2E18-D525-4231-8FAF-7F24505BFE02}.Debug|x64.Deploy.0 = Debug|Any CPU
		{42BA2E18-D525-4231-8FAF-7F24505BFE02}.Debug|x86.ActiveCfg = Debug|Any CPU
		{42BA2E18-D525-4231-8FAF-7F24505BFE02}.Debug|x86.Build.0 = Debug|Any CPU
		{42BA2E18-D525-4231-8FAF-7F24505BFE02}.Debug|x86.Deploy.0 = Debug|Any CPU
		{42BA2E18-D525-4231-8FAF-7F24505BFE02}.Release|Any CPU.ActiveCfg = Release|Any CPU
		{42BA2E18-D525-4231-8FAF-7F24505BFE02}.Release|Any CPU.Build.0 = Release|Any CPU
		{42BA2E18-D525-4231-8FAF-7F24505BFE02}.Release|Any CPU.Deploy.0 = Release|Any CPU
		{42BA2E18-D525-4231-8FAF-7F24505BFE02}.Release|ARM.ActiveCfg = Release|Any CPU
		{42BA2E18-D525-4231-8FAF-7F24505BFE02}.Release|ARM.Build.0 = Release|Any CPU
		{42BA2E18-D525-4231-8FAF-7F24505BFE02}.Release|ARM.Deploy.0 = Release|Any CPU
		{42BA2E18-D525-4231-8FAF-7F24505BFE02}.Release|iPhone.ActiveCfg = Release|Any CPU
		{42BA2E18-D525-4231-8FAF-7F24505BFE02}.Release|iPhone.Build.0 = Release|Any CPU
		{42BA2E18-D525-4231-8FAF-7F24505BFE02}.Release|iPhone.Deploy.0 = Release|Any CPU
		{42BA2E18-D525-4231-8FAF-7F24505BFE02}.Release|iPhoneSimulator.ActiveCfg = Release|Any CPU
		{42BA2E18-D525-4231-8FAF-7F24505BFE02}.Release|iPhoneSimulator.Build.0 = Release|Any CPU
		{42BA2E18-D525-4231-8FAF-7F24505BFE02}.Release|iPhoneSimulator.Deploy.0 = Release|Any CPU
		{42BA2E18-D525-4231-8FAF-7F24505BFE02}.Release|x64.ActiveCfg = Release|Any CPU
		{42BA2E18-D525-4231-8FAF-7F24505BFE02}.Release|x64.Build.0 = Release|Any CPU
		{42BA2E18-D525-4231-8FAF-7F24505BFE02}.Release|x64.Deploy.0 = Release|Any CPU
		{42BA2E18-D525-4231-8FAF-7F24505BFE02}.Release|x86.ActiveCfg = Release|Any CPU
		{42BA2E18-D525-4231-8FAF-7F24505BFE02}.Release|x86.Build.0 = Release|Any CPU
		{42BA2E18-D525-4231-8FAF-7F24505BFE02}.Release|x86.Deploy.0 = Release|Any CPU
		{86521588-4509-4F7C-A47D-22B1A3F1B299}.Ad-Hoc|Any CPU.ActiveCfg = Release|Any CPU
		{86521588-4509-4F7C-A47D-22B1A3F1B299}.Ad-Hoc|Any CPU.Build.0 = Release|Any CPU
		{86521588-4509-4F7C-A47D-22B1A3F1B299}.Ad-Hoc|ARM.ActiveCfg = Release|Any CPU
		{86521588-4509-4F7C-A47D-22B1A3F1B299}.Ad-Hoc|ARM.Build.0 = Release|Any CPU
		{86521588-4509-4F7C-A47D-22B1A3F1B299}.Ad-Hoc|iPhone.ActiveCfg = Release|Any CPU
		{86521588-4509-4F7C-A47D-22B1A3F1B299}.Ad-Hoc|iPhone.Build.0 = Release|Any CPU
		{86521588-4509-4F7C-A47D-22B1A3F1B299}.Ad-Hoc|iPhoneSimulator.ActiveCfg = Release|Any CPU
		{86521588-4509-4F7C-A47D-22B1A3F1B299}.Ad-Hoc|iPhoneSimulator.Build.0 = Release|Any CPU
		{86521588-4509-4F7C-A47D-22B1A3F1B299}.Ad-Hoc|x64.ActiveCfg = Release|Any CPU
		{86521588-4509-4F7C-A47D-22B1A3F1B299}.Ad-Hoc|x64.Build.0 = Release|Any CPU
		{86521588-4509-4F7C-A47D-22B1A3F1B299}.Ad-Hoc|x86.ActiveCfg = Release|Any CPU
		{86521588-4509-4F7C-A47D-22B1A3F1B299}.Ad-Hoc|x86.Build.0 = Release|Any CPU
		{86521588-4509-4F7C-A47D-22B1A3F1B299}.AppStore|Any CPU.ActiveCfg = Release|Any CPU
		{86521588-4509-4F7C-A47D-22B1A3F1B299}.AppStore|Any CPU.Build.0 = Release|Any CPU
		{86521588-4509-4F7C-A47D-22B1A3F1B299}.AppStore|ARM.ActiveCfg = Release|Any CPU
		{86521588-4509-4F7C-A47D-22B1A3F1B299}.AppStore|ARM.Build.0 = Release|Any CPU
		{86521588-4509-4F7C-A47D-22B1A3F1B299}.AppStore|iPhone.ActiveCfg = Release|Any CPU
		{86521588-4509-4F7C-A47D-22B1A3F1B299}.AppStore|iPhone.Build.0 = Release|Any CPU
		{86521588-4509-4F7C-A47D-22B1A3F1B299}.AppStore|iPhoneSimulator.ActiveCfg = Release|Any CPU
		{86521588-4509-4F7C-A47D-22B1A3F1B299}.AppStore|iPhoneSimulator.Build.0 = Release|Any CPU
		{86521588-4509-4F7C-A47D-22B1A3F1B299}.AppStore|x64.ActiveCfg = Release|Any CPU
		{86521588-4509-4F7C-A47D-22B1A3F1B299}.AppStore|x64.Build.0 = Release|Any CPU
		{86521588-4509-4F7C-A47D-22B1A3F1B299}.AppStore|x86.ActiveCfg = Release|Any CPU
		{86521588-4509-4F7C-A47D-22B1A3F1B299}.AppStore|x86.Build.0 = Release|Any CPU
		{86521588-4509-4F7C-A47D-22B1A3F1B299}.Debug|Any CPU.ActiveCfg = Debug|Any CPU
		{86521588-4509-4F7C-A47D-22B1A3F1B299}.Debug|Any CPU.Build.0 = Debug|Any CPU
		{86521588-4509-4F7C-A47D-22B1A3F1B299}.Debug|ARM.ActiveCfg = Debug|Any CPU
		{86521588-4509-4F7C-A47D-22B1A3F1B299}.Debug|ARM.Build.0 = Debug|Any CPU
		{86521588-4509-4F7C-A47D-22B1A3F1B299}.Debug|iPhone.ActiveCfg = Debug|Any CPU
		{86521588-4509-4F7C-A47D-22B1A3F1B299}.Debug|iPhone.Build.0 = Debug|Any CPU
		{86521588-4509-4F7C-A47D-22B1A3F1B299}.Debug|iPhoneSimulator.ActiveCfg = Debug|Any CPU
		{86521588-4509-4F7C-A47D-22B1A3F1B299}.Debug|iPhoneSimulator.Build.0 = Debug|Any CPU
		{86521588-4509-4F7C-A47D-22B1A3F1B299}.Debug|x64.ActiveCfg = Debug|Any CPU
		{86521588-4509-4F7C-A47D-22B1A3F1B299}.Debug|x64.Build.0 = Debug|Any CPU
		{86521588-4509-4F7C-A47D-22B1A3F1B299}.Debug|x86.ActiveCfg = Debug|Any CPU
		{86521588-4509-4F7C-A47D-22B1A3F1B299}.Debug|x86.Build.0 = Debug|Any CPU
		{86521588-4509-4F7C-A47D-22B1A3F1B299}.Release|Any CPU.ActiveCfg = Release|Any CPU
		{86521588-4509-4F7C-A47D-22B1A3F1B299}.Release|Any CPU.Build.0 = Release|Any CPU
		{86521588-4509-4F7C-A47D-22B1A3F1B299}.Release|ARM.ActiveCfg = Release|Any CPU
		{86521588-4509-4F7C-A47D-22B1A3F1B299}.Release|ARM.Build.0 = Release|Any CPU
		{86521588-4509-4F7C-A47D-22B1A3F1B299}.Release|iPhone.ActiveCfg = Release|Any CPU
		{86521588-4509-4F7C-A47D-22B1A3F1B299}.Release|iPhone.Build.0 = Release|Any CPU
		{86521588-4509-4F7C-A47D-22B1A3F1B299}.Release|iPhoneSimulator.ActiveCfg = Release|Any CPU
		{86521588-4509-4F7C-A47D-22B1A3F1B299}.Release|iPhoneSimulator.Build.0 = Release|Any CPU
		{86521588-4509-4F7C-A47D-22B1A3F1B299}.Release|x64.ActiveCfg = Release|Any CPU
		{86521588-4509-4F7C-A47D-22B1A3F1B299}.Release|x64.Build.0 = Release|Any CPU
		{86521588-4509-4F7C-A47D-22B1A3F1B299}.Release|x86.ActiveCfg = Release|Any CPU
		{86521588-4509-4F7C-A47D-22B1A3F1B299}.Release|x86.Build.0 = Release|Any CPU
		{7952DF78-7CAE-4043-81A5-61A41B9DF701}.Ad-Hoc|Any CPU.ActiveCfg = Release|Any CPU
		{7952DF78-7CAE-4043-81A5-61A41B9DF701}.Ad-Hoc|Any CPU.Build.0 = Release|Any CPU
		{7952DF78-7CAE-4043-81A5-61A41B9DF701}.Ad-Hoc|ARM.ActiveCfg = Release|Any CPU
		{7952DF78-7CAE-4043-81A5-61A41B9DF701}.Ad-Hoc|ARM.Build.0 = Release|Any CPU
		{7952DF78-7CAE-4043-81A5-61A41B9DF701}.Ad-Hoc|iPhone.ActiveCfg = Release|Any CPU
		{7952DF78-7CAE-4043-81A5-61A41B9DF701}.Ad-Hoc|iPhone.Build.0 = Release|Any CPU
		{7952DF78-7CAE-4043-81A5-61A41B9DF701}.Ad-Hoc|iPhoneSimulator.ActiveCfg = Release|Any CPU
		{7952DF78-7CAE-4043-81A5-61A41B9DF701}.Ad-Hoc|iPhoneSimulator.Build.0 = Release|Any CPU
		{7952DF78-7CAE-4043-81A5-61A41B9DF701}.Ad-Hoc|x64.ActiveCfg = Release|Any CPU
		{7952DF78-7CAE-4043-81A5-61A41B9DF701}.Ad-Hoc|x64.Build.0 = Release|Any CPU
		{7952DF78-7CAE-4043-81A5-61A41B9DF701}.Ad-Hoc|x86.ActiveCfg = Release|Any CPU
		{7952DF78-7CAE-4043-81A5-61A41B9DF701}.Ad-Hoc|x86.Build.0 = Release|Any CPU
		{7952DF78-7CAE-4043-81A5-61A41B9DF701}.AppStore|Any CPU.ActiveCfg = Release|Any CPU
		{7952DF78-7CAE-4043-81A5-61A41B9DF701}.AppStore|Any CPU.Build.0 = Release|Any CPU
		{7952DF78-7CAE-4043-81A5-61A41B9DF701}.AppStore|ARM.ActiveCfg = Release|Any CPU
		{7952DF78-7CAE-4043-81A5-61A41B9DF701}.AppStore|ARM.Build.0 = Release|Any CPU
		{7952DF78-7CAE-4043-81A5-61A41B9DF701}.AppStore|iPhone.ActiveCfg = Release|Any CPU
		{7952DF78-7CAE-4043-81A5-61A41B9DF701}.AppStore|iPhone.Build.0 = Release|Any CPU
		{7952DF78-7CAE-4043-81A5-61A41B9DF701}.AppStore|iPhoneSimulator.ActiveCfg = Release|Any CPU
		{7952DF78-7CAE-4043-81A5-61A41B9DF701}.AppStore|iPhoneSimulator.Build.0 = Release|Any CPU
		{7952DF78-7CAE-4043-81A5-61A41B9DF701}.AppStore|x64.ActiveCfg = Release|Any CPU
		{7952DF78-7CAE-4043-81A5-61A41B9DF701}.AppStore|x64.Build.0 = Release|Any CPU
		{7952DF78-7CAE-4043-81A5-61A41B9DF701}.AppStore|x86.ActiveCfg = Release|Any CPU
		{7952DF78-7CAE-4043-81A5-61A41B9DF701}.AppStore|x86.Build.0 = Release|Any CPU
		{7952DF78-7CAE-4043-81A5-61A41B9DF701}.Debug|Any CPU.ActiveCfg = Debug|Any CPU
		{7952DF78-7CAE-4043-81A5-61A41B9DF701}.Debug|Any CPU.Build.0 = Debug|Any CPU
		{7952DF78-7CAE-4043-81A5-61A41B9DF701}.Debug|ARM.ActiveCfg = Debug|Any CPU
		{7952DF78-7CAE-4043-81A5-61A41B9DF701}.Debug|ARM.Build.0 = Debug|Any CPU
		{7952DF78-7CAE-4043-81A5-61A41B9DF701}.Debug|iPhone.ActiveCfg = Debug|Any CPU
		{7952DF78-7CAE-4043-81A5-61A41B9DF701}.Debug|iPhone.Build.0 = Debug|Any CPU
		{7952DF78-7CAE-4043-81A5-61A41B9DF701}.Debug|iPhoneSimulator.ActiveCfg = Debug|Any CPU
		{7952DF78-7CAE-4043-81A5-61A41B9DF701}.Debug|iPhoneSimulator.Build.0 = Debug|Any CPU
		{7952DF78-7CAE-4043-81A5-61A41B9DF701}.Debug|x64.ActiveCfg = Debug|Any CPU
		{7952DF78-7CAE-4043-81A5-61A41B9DF701}.Debug|x64.Build.0 = Debug|Any CPU
		{7952DF78-7CAE-4043-81A5-61A41B9DF701}.Debug|x86.ActiveCfg = Debug|Any CPU
		{7952DF78-7CAE-4043-81A5-61A41B9DF701}.Debug|x86.Build.0 = Debug|Any CPU
		{7952DF78-7CAE-4043-81A5-61A41B9DF701}.Release|Any CPU.ActiveCfg = Release|Any CPU
		{7952DF78-7CAE-4043-81A5-61A41B9DF701}.Release|Any CPU.Build.0 = Release|Any CPU
		{7952DF78-7CAE-4043-81A5-61A41B9DF701}.Release|ARM.ActiveCfg = Release|Any CPU
		{7952DF78-7CAE-4043-81A5-61A41B9DF701}.Release|ARM.Build.0 = Release|Any CPU
		{7952DF78-7CAE-4043-81A5-61A41B9DF701}.Release|iPhone.ActiveCfg = Release|Any CPU
		{7952DF78-7CAE-4043-81A5-61A41B9DF701}.Release|iPhone.Build.0 = Release|Any CPU
		{7952DF78-7CAE-4043-81A5-61A41B9DF701}.Release|iPhoneSimulator.ActiveCfg = Release|Any CPU
		{7952DF78-7CAE-4043-81A5-61A41B9DF701}.Release|iPhoneSimulator.Build.0 = Release|Any CPU
		{7952DF78-7CAE-4043-81A5-61A41B9DF701}.Release|x64.ActiveCfg = Release|Any CPU
		{7952DF78-7CAE-4043-81A5-61A41B9DF701}.Release|x64.Build.0 = Release|Any CPU
		{7952DF78-7CAE-4043-81A5-61A41B9DF701}.Release|x86.ActiveCfg = Release|Any CPU
		{7952DF78-7CAE-4043-81A5-61A41B9DF701}.Release|x86.Build.0 = Release|Any CPU
		{6F115E73-C605-48EB-A650-D303BBF575CC}.Ad-Hoc|Any CPU.ActiveCfg = Release|Any CPU
		{6F115E73-C605-48EB-A650-D303BBF575CC}.Ad-Hoc|Any CPU.Build.0 = Release|Any CPU
		{6F115E73-C605-48EB-A650-D303BBF575CC}.Ad-Hoc|ARM.ActiveCfg = Release|Any CPU
		{6F115E73-C605-48EB-A650-D303BBF575CC}.Ad-Hoc|ARM.Build.0 = Release|Any CPU
		{6F115E73-C605-48EB-A650-D303BBF575CC}.Ad-Hoc|iPhone.ActiveCfg = Release|Any CPU
		{6F115E73-C605-48EB-A650-D303BBF575CC}.Ad-Hoc|iPhone.Build.0 = Release|Any CPU
		{6F115E73-C605-48EB-A650-D303BBF575CC}.Ad-Hoc|iPhoneSimulator.ActiveCfg = Release|Any CPU
		{6F115E73-C605-48EB-A650-D303BBF575CC}.Ad-Hoc|iPhoneSimulator.Build.0 = Release|Any CPU
		{6F115E73-C605-48EB-A650-D303BBF575CC}.Ad-Hoc|x64.ActiveCfg = Release|Any CPU
		{6F115E73-C605-48EB-A650-D303BBF575CC}.Ad-Hoc|x64.Build.0 = Release|Any CPU
		{6F115E73-C605-48EB-A650-D303BBF575CC}.Ad-Hoc|x86.ActiveCfg = Release|Any CPU
		{6F115E73-C605-48EB-A650-D303BBF575CC}.Ad-Hoc|x86.Build.0 = Release|Any CPU
		{6F115E73-C605-48EB-A650-D303BBF575CC}.AppStore|Any CPU.ActiveCfg = Release|Any CPU
		{6F115E73-C605-48EB-A650-D303BBF575CC}.AppStore|Any CPU.Build.0 = Release|Any CPU
		{6F115E73-C605-48EB-A650-D303BBF575CC}.AppStore|ARM.ActiveCfg = Release|Any CPU
		{6F115E73-C605-48EB-A650-D303BBF575CC}.AppStore|ARM.Build.0 = Release|Any CPU
		{6F115E73-C605-48EB-A650-D303BBF575CC}.AppStore|iPhone.ActiveCfg = Release|Any CPU
		{6F115E73-C605-48EB-A650-D303BBF575CC}.AppStore|iPhone.Build.0 = Release|Any CPU
		{6F115E73-C605-48EB-A650-D303BBF575CC}.AppStore|iPhoneSimulator.ActiveCfg = Release|Any CPU
		{6F115E73-C605-48EB-A650-D303BBF575CC}.AppStore|iPhoneSimulator.Build.0 = Release|Any CPU
		{6F115E73-C605-48EB-A650-D303BBF575CC}.AppStore|x64.ActiveCfg = Release|Any CPU
		{6F115E73-C605-48EB-A650-D303BBF575CC}.AppStore|x64.Build.0 = Release|Any CPU
		{6F115E73-C605-48EB-A650-D303BBF575CC}.AppStore|x86.ActiveCfg = Release|Any CPU
		{6F115E73-C605-48EB-A650-D303BBF575CC}.AppStore|x86.Build.0 = Release|Any CPU
		{6F115E73-C605-48EB-A650-D303BBF575CC}.Debug|Any CPU.ActiveCfg = Debug|Any CPU
		{6F115E73-C605-48EB-A650-D303BBF575CC}.Debug|Any CPU.Build.0 = Debug|Any CPU
		{6F115E73-C605-48EB-A650-D303BBF575CC}.Debug|ARM.ActiveCfg = Debug|Any CPU
		{6F115E73-C605-48EB-A650-D303BBF575CC}.Debug|ARM.Build.0 = Debug|Any CPU
		{6F115E73-C605-48EB-A650-D303BBF575CC}.Debug|iPhone.ActiveCfg = Debug|Any CPU
		{6F115E73-C605-48EB-A650-D303BBF575CC}.Debug|iPhone.Build.0 = Debug|Any CPU
		{6F115E73-C605-48EB-A650-D303BBF575CC}.Debug|iPhoneSimulator.ActiveCfg = Debug|Any CPU
		{6F115E73-C605-48EB-A650-D303BBF575CC}.Debug|iPhoneSimulator.Build.0 = Debug|Any CPU
		{6F115E73-C605-48EB-A650-D303BBF575CC}.Debug|x64.ActiveCfg = Debug|Any CPU
		{6F115E73-C605-48EB-A650-D303BBF575CC}.Debug|x64.Build.0 = Debug|Any CPU
		{6F115E73-C605-48EB-A650-D303BBF575CC}.Debug|x86.ActiveCfg = Debug|Any CPU
		{6F115E73-C605-48EB-A650-D303BBF575CC}.Debug|x86.Build.0 = Debug|Any CPU
		{6F115E73-C605-48EB-A650-D303BBF575CC}.Release|Any CPU.ActiveCfg = Release|Any CPU
		{6F115E73-C605-48EB-A650-D303BBF575CC}.Release|Any CPU.Build.0 = Release|Any CPU
		{6F115E73-C605-48EB-A650-D303BBF575CC}.Release|ARM.ActiveCfg = Release|Any CPU
		{6F115E73-C605-48EB-A650-D303BBF575CC}.Release|ARM.Build.0 = Release|Any CPU
		{6F115E73-C605-48EB-A650-D303BBF575CC}.Release|iPhone.ActiveCfg = Release|Any CPU
		{6F115E73-C605-48EB-A650-D303BBF575CC}.Release|iPhone.Build.0 = Release|Any CPU
		{6F115E73-C605-48EB-A650-D303BBF575CC}.Release|iPhoneSimulator.ActiveCfg = Release|Any CPU
		{6F115E73-C605-48EB-A650-D303BBF575CC}.Release|iPhoneSimulator.Build.0 = Release|Any CPU
		{6F115E73-C605-48EB-A650-D303BBF575CC}.Release|x64.ActiveCfg = Release|Any CPU
		{6F115E73-C605-48EB-A650-D303BBF575CC}.Release|x64.Build.0 = Release|Any CPU
		{6F115E73-C605-48EB-A650-D303BBF575CC}.Release|x86.ActiveCfg = Release|Any CPU
		{6F115E73-C605-48EB-A650-D303BBF575CC}.Release|x86.Build.0 = Release|Any CPU
		{5CF5C12A-5C47-4A81-99E9-665A4F7D9586}.Ad-Hoc|Any CPU.ActiveCfg = Release|Any CPU
		{5CF5C12A-5C47-4A81-99E9-665A4F7D9586}.Ad-Hoc|Any CPU.Build.0 = Release|Any CPU
		{5CF5C12A-5C47-4A81-99E9-665A4F7D9586}.Ad-Hoc|ARM.ActiveCfg = Release|Any CPU
		{5CF5C12A-5C47-4A81-99E9-665A4F7D9586}.Ad-Hoc|ARM.Build.0 = Release|Any CPU
		{5CF5C12A-5C47-4A81-99E9-665A4F7D9586}.Ad-Hoc|iPhone.ActiveCfg = Release|Any CPU
		{5CF5C12A-5C47-4A81-99E9-665A4F7D9586}.Ad-Hoc|iPhone.Build.0 = Release|Any CPU
		{5CF5C12A-5C47-4A81-99E9-665A4F7D9586}.Ad-Hoc|iPhoneSimulator.ActiveCfg = Release|Any CPU
		{5CF5C12A-5C47-4A81-99E9-665A4F7D9586}.Ad-Hoc|iPhoneSimulator.Build.0 = Release|Any CPU
		{5CF5C12A-5C47-4A81-99E9-665A4F7D9586}.Ad-Hoc|x64.ActiveCfg = Release|Any CPU
		{5CF5C12A-5C47-4A81-99E9-665A4F7D9586}.Ad-Hoc|x64.Build.0 = Release|Any CPU
		{5CF5C12A-5C47-4A81-99E9-665A4F7D9586}.Ad-Hoc|x86.ActiveCfg = Release|Any CPU
		{5CF5C12A-5C47-4A81-99E9-665A4F7D9586}.Ad-Hoc|x86.Build.0 = Release|Any CPU
		{5CF5C12A-5C47-4A81-99E9-665A4F7D9586}.AppStore|Any CPU.ActiveCfg = Release|Any CPU
		{5CF5C12A-5C47-4A81-99E9-665A4F7D9586}.AppStore|Any CPU.Build.0 = Release|Any CPU
		{5CF5C12A-5C47-4A81-99E9-665A4F7D9586}.AppStore|ARM.ActiveCfg = Release|Any CPU
		{5CF5C12A-5C47-4A81-99E9-665A4F7D9586}.AppStore|ARM.Build.0 = Release|Any CPU
		{5CF5C12A-5C47-4A81-99E9-665A4F7D9586}.AppStore|iPhone.ActiveCfg = Release|Any CPU
		{5CF5C12A-5C47-4A81-99E9-665A4F7D9586}.AppStore|iPhone.Build.0 = Release|Any CPU
		{5CF5C12A-5C47-4A81-99E9-665A4F7D9586}.AppStore|iPhoneSimulator.ActiveCfg = Release|Any CPU
		{5CF5C12A-5C47-4A81-99E9-665A4F7D9586}.AppStore|iPhoneSimulator.Build.0 = Release|Any CPU
		{5CF5C12A-5C47-4A81-99E9-665A4F7D9586}.AppStore|x64.ActiveCfg = Release|Any CPU
		{5CF5C12A-5C47-4A81-99E9-665A4F7D9586}.AppStore|x64.Build.0 = Release|Any CPU
		{5CF5C12A-5C47-4A81-99E9-665A4F7D9586}.AppStore|x86.ActiveCfg = Release|Any CPU
		{5CF5C12A-5C47-4A81-99E9-665A4F7D9586}.AppStore|x86.Build.0 = Release|Any CPU
		{5CF5C12A-5C47-4A81-99E9-665A4F7D9586}.Debug|Any CPU.ActiveCfg = Debug|Any CPU
		{5CF5C12A-5C47-4A81-99E9-665A4F7D9586}.Debug|Any CPU.Build.0 = Debug|Any CPU
		{5CF5C12A-5C47-4A81-99E9-665A4F7D9586}.Debug|ARM.ActiveCfg = Debug|Any CPU
		{5CF5C12A-5C47-4A81-99E9-665A4F7D9586}.Debug|ARM.Build.0 = Debug|Any CPU
		{5CF5C12A-5C47-4A81-99E9-665A4F7D9586}.Debug|iPhone.ActiveCfg = Debug|Any CPU
		{5CF5C12A-5C47-4A81-99E9-665A4F7D9586}.Debug|iPhone.Build.0 = Debug|Any CPU
		{5CF5C12A-5C47-4A81-99E9-665A4F7D9586}.Debug|iPhoneSimulator.ActiveCfg = Debug|Any CPU
		{5CF5C12A-5C47-4A81-99E9-665A4F7D9586}.Debug|iPhoneSimulator.Build.0 = Debug|Any CPU
		{5CF5C12A-5C47-4A81-99E9-665A4F7D9586}.Debug|x64.ActiveCfg = Debug|Any CPU
		{5CF5C12A-5C47-4A81-99E9-665A4F7D9586}.Debug|x64.Build.0 = Debug|Any CPU
		{5CF5C12A-5C47-4A81-99E9-665A4F7D9586}.Debug|x86.ActiveCfg = Debug|Any CPU
		{5CF5C12A-5C47-4A81-99E9-665A4F7D9586}.Debug|x86.Build.0 = Debug|Any CPU
		{5CF5C12A-5C47-4A81-99E9-665A4F7D9586}.Release|Any CPU.ActiveCfg = Release|Any CPU
		{5CF5C12A-5C47-4A81-99E9-665A4F7D9586}.Release|Any CPU.Build.0 = Release|Any CPU
		{5CF5C12A-5C47-4A81-99E9-665A4F7D9586}.Release|ARM.ActiveCfg = Release|Any CPU
		{5CF5C12A-5C47-4A81-99E9-665A4F7D9586}.Release|ARM.Build.0 = Release|Any CPU
		{5CF5C12A-5C47-4A81-99E9-665A4F7D9586}.Release|iPhone.ActiveCfg = Release|Any CPU
		{5CF5C12A-5C47-4A81-99E9-665A4F7D9586}.Release|iPhone.Build.0 = Release|Any CPU
		{5CF5C12A-5C47-4A81-99E9-665A4F7D9586}.Release|iPhoneSimulator.ActiveCfg = Release|Any CPU
		{5CF5C12A-5C47-4A81-99E9-665A4F7D9586}.Release|iPhoneSimulator.Build.0 = Release|Any CPU
		{5CF5C12A-5C47-4A81-99E9-665A4F7D9586}.Release|x64.ActiveCfg = Release|Any CPU
		{5CF5C12A-5C47-4A81-99E9-665A4F7D9586}.Release|x64.Build.0 = Release|Any CPU
		{5CF5C12A-5C47-4A81-99E9-665A4F7D9586}.Release|x86.ActiveCfg = Release|Any CPU
		{5CF5C12A-5C47-4A81-99E9-665A4F7D9586}.Release|x86.Build.0 = Release|Any CPU
	EndGlobalSection
	GlobalSection(SolutionProperties) = preSolution
		HideSolutionNode = FALSE
	EndGlobalSection
	GlobalSection(ExtensibilityGlobals) = postSolution
		SolutionGuid = {D27BF354-9EB9-4059-A528-5CE190EDD553}
	EndGlobalSection
EndGlobal
